// !$*UTF8*$!
{
	archiveVersion = 1;
	classes = {
	};
	objectVersion = 46;
	objects = {

/* Begin PBXBuildFile section */
		711891751CEAF7F20055EE8D /* AppDelegate.swift in Sources */ = {isa = PBXBuildFile; fileRef = 711891741CEAF7F20055EE8D /* AppDelegate.swift */; };
		711891771CEAF7F20055EE8D /* ViewController.swift in Sources */ = {isa = PBXBuildFile; fileRef = 711891761CEAF7F20055EE8D /* ViewController.swift */; };
		7118917A1CEAF7F20055EE8D /* Main.storyboard in Resources */ = {isa = PBXBuildFile; fileRef = 711891781CEAF7F20055EE8D /* Main.storyboard */; };
		7118917D1CEAF7F20055EE8D /* Recipes.xcdatamodeld in Sources */ = {isa = PBXBuildFile; fileRef = 7118917B1CEAF7F20055EE8D /* Recipes.xcdatamodeld */; };
		7118917F1CEAF7F20055EE8D /* Assets.xcassets in Resources */ = {isa = PBXBuildFile; fileRef = 7118917E1CEAF7F20055EE8D /* Assets.xcassets */; };
		711891821CEAF7F20055EE8D /* LaunchScreen.storyboard in Resources */ = {isa = PBXBuildFile; fileRef = 711891801CEAF7F20055EE8D /* LaunchScreen.storyboard */; };
		7118918E1CEB00440055EE8D /* Recipe+CoreDataProperties.swift in Sources */ = {isa = PBXBuildFile; fileRef = 7118918C1CEB00440055EE8D /* Recipe+CoreDataProperties.swift */; };
		7118918F1CEB00440055EE8D /* Recipe.swift in Sources */ = {isa = PBXBuildFile; fileRef = 7118918D1CEB00440055EE8D /* Recipe.swift */; };
		711891911CEB2B8B0055EE8D /* RecipeCell.swift in Sources */ = {isa = PBXBuildFile; fileRef = 711891901CEB2B8B0055EE8D /* RecipeCell.swift */; };
		711891931CEB39AA0055EE8D /* CreateRecipeVC.swift in Sources */ = {isa = PBXBuildFile; fileRef = 711891921CEB39AA0055EE8D /* CreateRecipeVC.swift */; };
/* End PBXBuildFile section */

/* Begin PBXFileReference section */
		711891711CEAF7F20055EE8D /* Recipes.app */ = {isa = PBXFileReference; explicitFileType = wrapper.application; includeInIndex = 0; path = Recipes.app; sourceTree = BUILT_PRODUCTS_DIR; };
		711891741CEAF7F20055EE8D /* AppDelegate.swift */ = {isa = PBXFileReference; lastKnownFileType = sourcecode.swift; path = AppDelegate.swift; sourceTree = "<group>"; };
		711891761CEAF7F20055EE8D /* ViewController.swift */ = {isa = PBXFileReference; lastKnownFileType = sourcecode.swift; path = ViewController.swift; sourceTree = "<group>"; };
		711891791CEAF7F20055EE8D /* Base */ = {isa = PBXFileReference; lastKnownFileType = file.storyboard; name = Base; path = Base.lproj/Main.storyboard; sourceTree = "<group>"; };
		7118917C1CEAF7F20055EE8D /* Recipes.xcdatamodel */ = {isa = PBXFileReference; lastKnownFileType = wrapper.xcdatamodel; path = Recipes.xcdatamodel; sourceTree = "<group>"; };
		7118917E1CEAF7F20055EE8D /* Assets.xcassets */ = {isa = PBXFileReference; lastKnownFileType = folder.assetcatalog; path = Assets.xcassets; sourceTree = "<group>"; };
		711891811CEAF7F20055EE8D /* Base */ = {isa = PBXFileReference; lastKnownFileType = file.storyboard; name = Base; path = Base.lproj/LaunchScreen.storyboard; sourceTree = "<group>"; };
		711891831CEAF7F20055EE8D /* Info.plist */ = {isa = PBXFileReference; lastKnownFileType = text.plist.xml; path = Info.plist; sourceTree = "<group>"; };
		7118918C1CEB00440055EE8D /* Recipe+CoreDataProperties.swift */ = {isa = PBXFileReference; fileEncoding = 4; lastKnownFileType = sourcecode.swift; name = "Recipe+CoreDataProperties.swift"; path = "../Recipe+CoreDataProperties.swift"; sourceTree = "<group>"; };
		7118918D1CEB00440055EE8D /* Recipe.swift */ = {isa = PBXFileReference; fileEncoding = 4; lastKnownFileType = sourcecode.swift; name = Recipe.swift; path = ../Recipe.swift; sourceTree = "<group>"; };
		711891901CEB2B8B0055EE8D /* RecipeCell.swift */ = {isa = PBXFileReference; fileEncoding = 4; lastKnownFileType = sourcecode.swift; path = RecipeCell.swift; sourceTree = "<group>"; };
		711891921CEB39AA0055EE8D /* CreateRecipeVC.swift */ = {isa = PBXFileReference; fileEncoding = 4; lastKnownFileType = sourcecode.swift; path = CreateRecipeVC.swift; sourceTree = "<group>"; };
/* End PBXFileReference section */

/* Begin PBXFrameworksBuildPhase section */
		7118916E1CEAF7F20055EE8D /* Frameworks */ = {
			isa = PBXFrameworksBuildPhase;
			buildActionMask = 2147483647;
			files = (
			);
			runOnlyForDeploymentPostprocessing = 0;
		};
/* End PBXFrameworksBuildPhase section */

/* Begin PBXGroup section */
		711891681CEAF7F20055EE8D = {
			isa = PBXGroup;
			children = (
				711891731CEAF7F20055EE8D /* Recipes */,
				711891721CEAF7F20055EE8D /* Products */,
			);
			sourceTree = "<group>";
		};
		711891721CEAF7F20055EE8D /* Products */ = {
			isa = PBXGroup;
			children = (
				711891711CEAF7F20055EE8D /* Recipes.app */,
			);
			name = Products;
			sourceTree = "<group>";
		};
		711891731CEAF7F20055EE8D /* Recipes */ = {
			isa = PBXGroup;
			children = (
				7118918B1CEAFFF60055EE8D /* Controller */,
				7118918A1CEAFFE90055EE8D /* View */,
				711891891CEAFFE10055EE8D /* Model */,
				711891741CEAF7F20055EE8D /* AppDelegate.swift */,
				711891781CEAF7F20055EE8D /* Main.storyboard */,
				7118917E1CEAF7F20055EE8D /* Assets.xcassets */,
				711891801CEAF7F20055EE8D /* LaunchScreen.storyboard */,
				711891831CEAF7F20055EE8D /* Info.plist */,
				7118917B1CEAF7F20055EE8D /* Recipes.xcdatamodeld */,
			);
			path = Recipes;
			sourceTree = "<group>";
		};
		711891891CEAFFE10055EE8D /* Model */ = {
			isa = PBXGroup;
			children = (
				7118918C1CEB00440055EE8D /* Recipe+CoreDataProperties.swift */,
				7118918D1CEB00440055EE8D /* Recipe.swift */,
			);
			name = Model;
			sourceTree = "<group>";
		};
		7118918A1CEAFFE90055EE8D /* View */ = {
			isa = PBXGroup;
			children = (
				711891901CEB2B8B0055EE8D /* RecipeCell.swift */,
			);
			name = View;
			sourceTree = "<group>";
		};
		7118918B1CEAFFF60055EE8D /* Controller */ = {
			isa = PBXGroup;
			children = (
				711891761CEAF7F20055EE8D /* ViewController.swift */,
				711891921CEB39AA0055EE8D /* CreateRecipeVC.swift */,
			);
			name = Controller;
			sourceTree = "<group>";
		};
/* End PBXGroup section */

/* Begin PBXNativeTarget section */
		711891701CEAF7F20055EE8D /* Recipes */ = {
			isa = PBXNativeTarget;
			buildConfigurationList = 711891861CEAF7F20055EE8D /* Build configuration list for PBXNativeTarget "Recipes" */;
			buildPhases = (
				7118916D1CEAF7F20055EE8D /* Sources */,
				7118916E1CEAF7F20055EE8D /* Frameworks */,
				7118916F1CEAF7F20055EE8D /* Resources */,
			);
			buildRules = (
			);
			dependencies = (
			);
			name = Recipes;
			productName = Recipes;
			productReference = 711891711CEAF7F20055EE8D /* Recipes.app */;
			productType = "com.apple.product-type.application";
		};
/* End PBXNativeTarget section */

/* Begin PBXProject section */
		711891691CEAF7F20055EE8D /* Project object */ = {
			isa = PBXProject;
			attributes = {
				LastSwiftUpdateCheck = 0720;
				LastUpgradeCheck = 0720;
				ORGANIZATIONNAME = MichaelH;
				TargetAttributes = {
					711891701CEAF7F20055EE8D = {
						CreatedOnToolsVersion = 7.2;
					};
				};
			};
			buildConfigurationList = 7118916C1CEAF7F20055EE8D /* Build configuration list for PBXProject "Recipes" */;
			compatibilityVersion = "Xcode 3.2";
			developmentRegion = English;
			hasScannedForEncodings = 0;
			knownRegions = (
				en,
				Base,
			);
			mainGroup = 711891681CEAF7F20055EE8D;
			productRefGroup = 711891721CEAF7F20055EE8D /* Products */;
			projectDirPath = "";
			projectRoot = "";
			targets = (
				711891701CEAF7F20055EE8D /* Recipes */,
			);
		};
/* End PBXProject section */

/* Begin PBXResourcesBuildPhase section */
		7118916F1CEAF7F20055EE8D /* Resources */ = {
			isa = PBXResourcesBuildPhase;
			buildActionMask = 2147483647;
			files = (
				711891821CEAF7F20055EE8D /* LaunchScreen.storyboard in Resources */,
				7118917F1CEAF7F20055EE8D /* Assets.xcassets in Resources */,
				7118917A1CEAF7F20055EE8D /* Main.storyboard in Resources */,
			);
			runOnlyForDeploymentPostprocessing = 0;
		};
/* End PBXResourcesBuildPhase section */

/* Begin PBXSourcesBuildPhase section */
		7118916D1CEAF7F20055EE8D /* Sources */ = {
			isa = PBXSourcesBuildPhase;
			buildActionMask = 2147483647;
			files = (
				711891771CEAF7F20055EE8D /* ViewController.swift in Sources */,
				7118918E1CEB00440055EE8D /* Recipe+CoreDataProperties.swift in Sources */,
				711891751CEAF7F20055EE8D /* AppDelegate.swift in Sources */,
				711891911CEB2B8B0055EE8D /* RecipeCell.swift in Sources */,
				711891931CEB39AA0055EE8D /* CreateRecipeVC.swift in Sources */,
				7118917D1CEAF7F20055EE8D /* Recipes.xcdatamodeld in Sources */,
				7118918F1CEB00440055EE8D /* Recipe.swift in Sources */,
			);
			runOnlyForDeploymentPostprocessing = 0;
		};
/* End PBXSourcesBuildPhase section */

/* Begin PBXVariantGroup section */
		711891781CEAF7F20055EE8D /* Main.storyboard */ = {
			isa = PBXVariantGroup;
			children = (
				711891791CEAF7F20055EE8D /* Base */,
			);
			name = Main.storyboard;
			sourceTree = "<group>";
		};
		711891801CEAF7F20055EE8D /* LaunchScreen.storyboard */ = {
			isa = PBXVariantGroup;
			children = (
				711891811CEAF7F20055EE8D /* Base */,
			);
			name = LaunchScreen.storyboard;
			sourceTree = "<group>";
		};
/* End PBXVariantGroup section */

/* Begin XCBuildConfiguration section */
		711891841CEAF7F20055EE8D /* Debug */ = {
			isa = XCBuildConfiguration;
			buildSettings = {
				ALWAYS_SEARCH_USER_PATHS = NO;
				CLANG_CXX_LANGUAGE_STANDARD = "gnu++0x";
				CLANG_CXX_LIBRARY = "libc++";
				CLANG_ENABLE_MODULES = YES;
				CLANG_ENABLE_OBJC_ARC = YES;
				CLANG_WARN_BOOL_CONVERSION = YES;
				CLANG_WARN_CONSTANT_CONVERSION = YES;
				CLANG_WARN_DIRECT_OBJC_ISA_USAGE = YES_ERROR;
				CLANG_WARN_EMPTY_BODY = YES;
				CLANG_WARN_ENUM_CONVERSION = YES;
				CLANG_WARN_INT_CONVERSION = YES;
				CLANG_WARN_OBJC_ROOT_CLASS = YES_ERROR;
				CLANG_WARN_UNREACHABLE_CODE = YES;
				CLANG_WARN__DUPLICATE_METHOD_MATCH = YES;
				"CODE_SIGN_IDENTITY[sdk=iphoneos*]" = "iPhone Developer";
				COPY_PHASE_STRIP = NO;
				DEBUG_INFORMATION_FORMAT = dwarf;
				ENABLE_STRICT_OBJC_MSGSEND = YES;
				ENABLE_TESTABILITY = YES;
				GCC_C_LANGUAGE_STANDARD = gnu99;
				GCC_DYNAMIC_NO_PIC = NO;
				GCC_NO_COMMON_BLOCKS = YES;
				GCC_OPTIMIZATION_LEVEL = 0;
				GCC_PREPROCESSOR_DEFINITIONS = (
					"DEBUG=1",
					"$(inherited)",
				);
				GCC_WARN_64_TO_32_BIT_CONVERSION = YES;
				GCC_WARN_ABOUT_RETURN_TYPE = YES_ERROR;
				GCC_WARN_UNDECLARED_SELECTOR = YES;
				GCC_WARN_UNINITIALIZED_AUTOS = YES_AGGRESSIVE;
				GCC_WARN_UNUSED_FUNCTION = YES;
				GCC_WARN_UNUSED_VARIABLE = YES;
				IPHONEOS_DEPLOYMENT_TARGET = 9.2;
				MTL_ENABLE_DEBUG_INFO = YES;
				ONLY_ACTIVE_ARCH = YES;
				SDKROOT = iphoneos;
				SWIFT_OPTIMIZATION_LEVEL = "-Onone";
			};
			name = Debug;
		};
		711891851CEAF7F20055EE8D /* Release */ = {
			isa = XCBuildConfiguration;
			buildSettings = {
				ALWAYS_SEARCH_USER_PATHS = NO;
				CLANG_CXX_LANGUAGE_STANDARD = "gnu++0x";
				CLANG_CXX_LIBRARY = "libc++";
				CLANG_ENABLE_MODULES = YES;
				CLANG_ENABLE_OBJC_ARC = YES;
				CLANG_WARN_BOOL_CONVERSION = YES;
				CLANG_WARN_CONSTANT_CONVERSION = YES;
				CLANG_WARN_DIRECT_OBJC_ISA_USAGE = YES_ERROR;
				CLANG_WARN_EMPTY_BODY = YES;
				CLANG_WARN_ENUM_CONVERSION = YES;
				CLANG_WARN_INT_CONVERSION = YES;
				CLANG_WARN_OBJC_ROOT_CLASS = YES_ERROR;
				CLANG_WARN_UNREACHABLE_CODE = YES;
				CLANG_WARN__DUPLICATE_METHOD_MATCH = YES;
				"CODE_SIGN_IDENTITY[sdk=iphoneos*]" = "iPhone Developer";
				COPY_PHASE_STRIP = NO;
				DEBUG_INFORMATION_FORMAT = "dwarf-with-dsym";
				ENABLE_NS_ASSERTIONS = NO;
				ENABLE_STRICT_OBJC_MSGSEND = YES;
				GCC_C_LANGUAGE_STANDARD = gnu99;
				GCC_NO_COMMON_BLOCKS = YES;
				GCC_WARN_64_TO_32_BIT_CONVERSION = YES;
				GCC_WARN_ABOUT_RETURN_TYPE = YES_ERROR;
				GCC_WARN_UNDECLARED_SELECTOR = YES;
				GCC_WARN_UNINITIALIZED_AUTOS = YES_AGGRESSIVE;
				GCC_WARN_UNUSED_FUNCTION = YES;
				GCC_WARN_UNUSED_VARIABLE = YES;
				IPHONEOS_DEPLOYMENT_TARGET = 9.2;
				MTL_ENABLE_DEBUG_INFO = NO;
				SDKROOT = iphoneos;
				VALIDATE_PRODUCT = YES;
			};
			name = Release;
		};
		711891871CEAF7F20055EE8D /* Debug */ = {
			isa = XCBuildConfiguration;
			buildSettings = {
				ASSETCATALOG_COMPILER_APPICON_NAME = AppIcon;
				INFOPLIST_FILE = Recipes/Info.plist;
				LD_RUNPATH_SEARCH_PATHS = "$(inherited) @executable_path/Frameworks";
				PRODUCT_BUNDLE_IDENTIFIER = mh.Recipes;
				PRODUCT_NAME = "$(TARGET_NAME)";
			};
			name = Debug;
		};
		711891881CEAF7F20055EE8D /* Release */ = {
			isa = XCBuildConfiguration;
			buildSettings = {
				ASSETCATALOG_COMPILER_APPICON_NAME = AppIcon;
				INFOPLIST_FILE = Recipes/Info.plist;
				LD_RUNPATH_SEARCH_PATHS = "$(inherited) @executable_path/Frameworks";
				PRODUCT_BUNDLE_IDENTIFIER = mh.Recipes;
				PRODUCT_NAME = "$(TARGET_NAME)";
			};
			name = Release;
		};
/* End XCBuildConfiguration section */

/* Begin XCConfigurationList section */
		7118916C1CEAF7F20055EE8D /* Build configuration list for PBXProject "Recipes" */ = {
			isa = XCConfigurationList;
			buildConfigurations = (
				711891841CEAF7F20055EE8D /* Debug */,
				711891851CEAF7F20055EE8D /* Release */,
			);
			defaultConfigurationIsVisible = 0;
			defaultConfigurationName = Release;
		};
		711891861CEAF7F20055EE8D /* Build configuration list for PBXNativeTarget "Recipes" */ = {
			isa = XCConfigurationList;
			buildConfigurations = (
				711891871CEAF7F20055EE8D /* Debug */,
				711891881CEAF7F20055EE8D /* Release */,
			);
			defaultConfigurationIsVisible = 0;
		};
/* End XCConfigurationList section */

/* Begin XCVersionGroup section */
		7118917B1CEAF7F20055EE8D /* Recipes.xcdatamodeld */ = {
			isa = XCVersionGroup;
			children = (
				7118917C1CEAF7F20055EE8D /* Recipes.xcdatamodel */,
			);
			currentVersion = 7118917C1CEAF7F20055EE8D /* Recipes.xcdatamodel */;
			path = Recipes.xcdatamodeld;
			sourceTree = "<group>";
			versionGroupType = wrapper.xcdatamodel;
		};
/* End XCVersionGroup section */
	};
	rootObject = 711891691CEAF7F20055EE8D /* Project object */;
}
